
Microsoft Visual Studio Solution File, Format Version 12.00
# Visual Studio Version 16
VisualStudioVersion = 16.0.33423.256
MinimumVisualStudioVersion = 10.0.40219.1
Project("{2150E333-8FDC-42A3-9474-1A3956D46DE8}") = "Lesson_02", "Lesson_02", "{3F140DCA-0DD1-46D9-98EF-AB891B8B51E7}"
EndProject
Project("{2150E333-8FDC-42A3-9474-1A3956D46DE8}") = "Lesson_03", "Lesson_03", "{BC8753AD-F58C-4A92-A3EC-2E8410FFFB37}"
EndProject
Project("{FAE04EC0-301F-11D3-BF4B-00C04F79EFBC}") = "Task_02_02", "..\ConsoleApp10\Task_02_02\Task_02_02.csproj", "{21ABA000-E5F9-4645-821F-B8C3620B4892}"
EndProject
Project("{FAE04EC0-301F-11D3-BF4B-00C04F79EFBC}") = "Task_02_04", "..\ConsoleApp10\Task_02_04\Task_02_04.csproj", "{D7283778-F5DF-43A0-BADF-8D0DA62C8665}"
EndProject
Project("{FAE04EC0-301F-11D3-BF4B-00C04F79EFBC}") = "Task_03_04", "..\ConsoleApp10\Task_03_04\Task_03_04.csproj", "{3F31BA74-2721-4162-8E70-40E433D0B9DA}"
EndProject
Project("{FAE04EC0-301F-11D3-BF4B-00C04F79EFBC}") = "Task_03_05", "Task_03_05\Task_03_05.csproj", "{046CA0EF-578A-4ADE-8524-1133EBB732B6}"
EndProject
Project("{FAE04EC0-301F-11D3-BF4B-00C04F79EFBC}") = "Task_03_06", "Task_03_06\Task_03_06.csproj", "{1DCD118B-F197-42D7-86AD-38AE6239EA4E}"
EndProject
Project("{FAE04EC0-301F-11D3-BF4B-00C04F79EFBC}") = "Task_03_07", "Task_03_07\Task_03_07.csproj", "{7557DC42-99B1-4FEF-BDEA-368DBFE660EC}"
EndProject
Project("{FAE04EC0-301F-11D3-BF4B-00C04F79EFBC}") = "Task_03_08", "Task_03_08\Task_03_08.csproj", "{23EA129D-A0CF-446A-ADE6-A29DBA5E2DF2}"
EndProject
Project("{FAE04EC0-301F-11D3-BF4B-00C04F79EFBC}") = "Task_03_09", "Task_03_09\Task_03_09.csproj", "{212340A0-A811-4FAD-AB1E-15425C312129}"
EndProject
Project("{2150E333-8FDC-42A3-9474-1A3956D46DE8}") = "Lesson_04", "Lesson_04", "{F6D021DB-B9C6-483A-AD1F-78015098A40D}"
EndProject
Project("{FAE04EC0-301F-11D3-BF4B-00C04F79EFBC}") = "Task_04_05", "Task_04_05\Task_04_05.csproj", "{27CB5839-CF16-4C27-8883-EF15BB0CF460}"
EndProject
Project("{FAE04EC0-301F-11D3-BF4B-00C04F79EFBC}") = "Task_04_06", "Task_04_06\Task_04_06.csproj", "{1C5862D7-860B-4F96-966C-58662E42AE86}"
EndProject
Project("{FAE04EC0-301F-11D3-BF4B-00C04F79EFBC}") = "Task_04_07", "Task_04_07\Task_04_07.csproj", "{EEEB9834-F9D4-4FBC-8B2A-FDBD7CBB9731}"
EndProject
Project("{FAE04EC0-301F-11D3-BF4B-00C04F79EFBC}") = "Task_04_08", "Task_04_08\Task_04_08.csproj", "{68A5BE6D-9175-4015-8C90-6F26FA502852}"
EndProject
Project("{FAE04EC0-301F-11D3-BF4B-00C04F79EFBC}") = "Task_04_09", "Task_04_09\Task_04_09.csproj", "{864AC572-AB16-4970-BE15-217DE9583232}"
EndProject
Project("{FAE04EC0-301F-11D3-BF4B-00C04F79EFBC}") = "Task_04_10", "Task_04_10\Task_04_10.csproj", "{71C516B5-9AED-4458-84EC-B24DB7BBBE84}"
EndProject
Project("{2150E333-8FDC-42A3-9474-1A3956D46DE8}") = "Lesson_05", "Lesson_05", "{98A44AB9-CE06-463A-89E0-5DAA2E618755}"
EndProject
Project("{FAE04EC0-301F-11D3-BF4B-00C04F79EFBC}") = "Task_05_03", "Task_05_03\Task_05_03.csproj", "{AAE8318C-1860-469B-A833-BF4534276D04}"
EndProject
Project("{FAE04EC0-301F-11D3-BF4B-00C04F79EFBC}") = "Task_05_04", "Task_05_04\Task_05_04.csproj", "{04DB8D53-712F-4D3C-ACF6-28BF21D4D0F6}"
EndProject
Project("{FAE04EC0-301F-11D3-BF4B-00C04F79EFBC}") = "Task_05_05", "Task_05_05\Task_05_05.csproj", "{84A98440-670A-4CF0-A98A-FDF4CE843AE0}"
EndProject
Project("{FAE04EC0-301F-11D3-BF4B-00C04F79EFBC}") = "Task_05_06", "Task_05_06\Task_05_06.csproj", "{4D1CEF64-23A8-4D07-95FA-60C312E9C4C6}"
EndProject
Global
	GlobalSection(SolutionConfigurationPlatforms) = preSolution
		Debug|Any CPU = Debug|Any CPU
		Release|Any CPU = Release|Any CPU
	EndGlobalSection
	GlobalSection(ProjectConfigurationPlatforms) = postSolution
		{21ABA000-E5F9-4645-821F-B8C3620B4892}.Debug|Any CPU.ActiveCfg = Debug|Any CPU
		{21ABA000-E5F9-4645-821F-B8C3620B4892}.Debug|Any CPU.Build.0 = Debug|Any CPU
		{21ABA000-E5F9-4645-821F-B8C3620B4892}.Release|Any CPU.ActiveCfg = Release|Any CPU
		{21ABA000-E5F9-4645-821F-B8C3620B4892}.Release|Any CPU.Build.0 = Release|Any CPU
		{D7283778-F5DF-43A0-BADF-8D0DA62C8665}.Debug|Any CPU.ActiveCfg = Debug|Any CPU
		{D7283778-F5DF-43A0-BADF-8D0DA62C8665}.Debug|Any CPU.Build.0 = Debug|Any CPU
		{D7283778-F5DF-43A0-BADF-8D0DA62C8665}.Release|Any CPU.ActiveCfg = Release|Any CPU
		{D7283778-F5DF-43A0-BADF-8D0DA62C8665}.Release|Any CPU.Build.0 = Release|Any CPU
		{3F31BA74-2721-4162-8E70-40E433D0B9DA}.Debug|Any CPU.ActiveCfg = Debug|Any CPU
		{3F31BA74-2721-4162-8E70-40E433D0B9DA}.Debug|Any CPU.Build.0 = Debug|Any CPU
		{3F31BA74-2721-4162-8E70-40E433D0B9DA}.Release|Any CPU.ActiveCfg = Release|Any CPU
		{3F31BA74-2721-4162-8E70-40E433D0B9DA}.Release|Any CPU.Build.0 = Release|Any CPU
		{046CA0EF-578A-4ADE-8524-1133EBB732B6}.Debug|Any CPU.ActiveCfg = Debug|Any CPU
		{046CA0EF-578A-4ADE-8524-1133EBB732B6}.Debug|Any CPU.Build.0 = Debug|Any CPU
		{046CA0EF-578A-4ADE-8524-1133EBB732B6}.Release|Any CPU.ActiveCfg = Release|Any CPU
		{046CA0EF-578A-4ADE-8524-1133EBB732B6}.Release|Any CPU.Build.0 = Release|Any CPU
		{1DCD118B-F197-42D7-86AD-38AE6239EA4E}.Debug|Any CPU.ActiveCfg = Debug|Any CPU
		{1DCD118B-F197-42D7-86AD-38AE6239EA4E}.Debug|Any CPU.Build.0 = Debug|Any CPU
		{1DCD118B-F197-42D7-86AD-38AE6239EA4E}.Release|Any CPU.ActiveCfg = Release|Any CPU
		{1DCD118B-F197-42D7-86AD-38AE6239EA4E}.Release|Any CPU.Build.0 = Release|Any CPU
		{7557DC42-99B1-4FEF-BDEA-368DBFE660EC}.Debug|Any CPU.ActiveCfg = Debug|Any CPU
		{7557DC42-99B1-4FEF-BDEA-368DBFE660EC}.Debug|Any CPU.Build.0 = Debug|Any CPU
		{7557DC42-99B1-4FEF-BDEA-368DBFE660EC}.Release|Any CPU.ActiveCfg = Release|Any CPU
		{7557DC42-99B1-4FEF-BDEA-368DBFE660EC}.Release|Any CPU.Build.0 = Release|Any CPU
		{23EA129D-A0CF-446A-ADE6-A29DBA5E2DF2}.Debug|Any CPU.ActiveCfg = Debug|Any CPU
		{23EA129D-A0CF-446A-ADE6-A29DBA5E2DF2}.Debug|Any CPU.Build.0 = Debug|Any CPU
		{23EA129D-A0CF-446A-ADE6-A29DBA5E2DF2}.Release|Any CPU.ActiveCfg = Release|Any CPU
		{23EA129D-A0CF-446A-ADE6-A29DBA5E2DF2}.Release|Any CPU.Build.0 = Release|Any CPU
		{212340A0-A811-4FAD-AB1E-15425C312129}.Debug|Any CPU.ActiveCfg = Debug|Any CPU
		{212340A0-A811-4FAD-AB1E-15425C312129}.Debug|Any CPU.Build.0 = Debug|Any CPU
		{212340A0-A811-4FAD-AB1E-15425C312129}.Release|Any CPU.ActiveCfg = Release|Any CPU
		{212340A0-A811-4FAD-AB1E-15425C312129}.Release|Any CPU.Build.0 = Release|Any CPU
		{27CB5839-CF16-4C27-8883-EF15BB0CF460}.Debug|Any CPU.ActiveCfg = Debug|Any CPU
		{27CB5839-CF16-4C27-8883-EF15BB0CF460}.Debug|Any CPU.Build.0 = Debug|Any CPU
		{27CB5839-CF16-4C27-8883-EF15BB0CF460}.Release|Any CPU.ActiveCfg = Release|Any CPU
		{27CB5839-CF16-4C27-8883-EF15BB0CF460}.Release|Any CPU.Build.0 = Release|Any CPU
		{1C5862D7-860B-4F96-966C-58662E42AE86}.Debug|Any CPU.ActiveCfg = Debug|Any CPU
		{1C5862D7-860B-4F96-966C-58662E42AE86}.Debug|Any CPU.Build.0 = Debug|Any CPU
		{1C5862D7-860B-4F96-966C-58662E42AE86}.Release|Any CPU.ActiveCfg = Release|Any CPU
		{1C5862D7-860B-4F96-966C-58662E42AE86}.Release|Any CPU.Build.0 = Release|Any CPU
		{EEEB9834-F9D4-4FBC-8B2A-FDBD7CBB9731}.Debug|Any CPU.ActiveCfg = Debug|Any CPU
		{EEEB9834-F9D4-4FBC-8B2A-FDBD7CBB9731}.Debug|Any CPU.Build.0 = Debug|Any CPU
		{EEEB9834-F9D4-4FBC-8B2A-FDBD7CBB9731}.Release|Any CPU.ActiveCfg = Release|Any CPU
		{EEEB9834-F9D4-4FBC-8B2A-FDBD7CBB9731}.Release|Any CPU.Build.0 = Release|Any CPU
		{68A5BE6D-9175-4015-8C90-6F26FA502852}.Debug|Any CPU.ActiveCfg = Debug|Any CPU
		{68A5BE6D-9175-4015-8C90-6F26FA502852}.Debug|Any CPU.Build.0 = Debug|Any CPU
		{68A5BE6D-9175-4015-8C90-6F26FA502852}.Release|Any CPU.ActiveCfg = Release|Any CPU
		{68A5BE6D-9175-4015-8C90-6F26FA502852}.Release|Any CPU.Build.0 = Release|Any CPU
		{864AC572-AB16-4970-BE15-217DE9583232}.Debug|Any CPU.ActiveCfg = Debug|Any CPU
		{864AC572-AB16-4970-BE15-217DE9583232}.Debug|Any CPU.Build.0 = Debug|Any CPU
		{864AC572-AB16-4970-BE15-217DE9583232}.Release|Any CPU.ActiveCfg = Release|Any CPU
		{864AC572-AB16-4970-BE15-217DE9583232}.Release|Any CPU.Build.0 = Release|Any CPU
		{71C516B5-9AED-4458-84EC-B24DB7BBBE84}.Debug|Any CPU.ActiveCfg = Debug|Any CPU
		{71C516B5-9AED-4458-84EC-B24DB7BBBE84}.Debug|Any CPU.Build.0 = Debug|Any CPU
		{71C516B5-9AED-4458-84EC-B24DB7BBBE84}.Release|Any CPU.ActiveCfg = Release|Any CPU
		{71C516B5-9AED-4458-84EC-B24DB7BBBE84}.Release|Any CPU.Build.0 = Release|Any CPU
		{AAE8318C-1860-469B-A833-BF4534276D04}.Debug|Any CPU.ActiveCfg = Debug|Any CPU
		{AAE8318C-1860-469B-A833-BF4534276D04}.Debug|Any CPU.Build.0 = Debug|Any CPU
		{AAE8318C-1860-469B-A833-BF4534276D04}.Release|Any CPU.ActiveCfg = Release|Any CPU
		{AAE8318C-1860-469B-A833-BF4534276D04}.Release|Any CPU.Build.0 = Release|Any CPU
		{04DB8D53-712F-4D3C-ACF6-28BF21D4D0F6}.Debug|Any CPU.ActiveCfg = Debug|Any CPU
		{04DB8D53-712F-4D3C-ACF6-28BF21D4D0F6}.Debug|Any CPU.Build.0 = Debug|Any CPU
		{04DB8D53-712F-4D3C-ACF6-28BF21D4D0F6}.Release|Any CPU.ActiveCfg = Release|Any CPU
		{04DB8D53-712F-4D3C-ACF6-28BF21D4D0F6}.Release|Any CPU.Build.0 = Release|Any CPU
		{84A98440-670A-4CF0-A98A-FDF4CE843AE0}.Debug|Any CPU.ActiveCfg = Debug|Any CPU
		{84A98440-670A-4CF0-A98A-FDF4CE843AE0}.Debug|Any CPU.Build.0 = Debug|Any CPU
		{84A98440-670A-4CF0-A98A-FDF4CE843AE0}.Release|Any CPU.ActiveCfg = Release|Any CPU
		{84A98440-670A-4CF0-A98A-FDF4CE843AE0}.Release|Any CPU.Build.0 = Release|Any CPU
		{4D1CEF64-23A8-4D07-95FA-60C312E9C4C6}.Debug|Any CPU.ActiveCfg = Debug|Any CPU
		{4D1CEF64-23A8-4D07-95FA-60C312E9C4C6}.Debug|Any CPU.Build.0 = Debug|Any CPU
		{4D1CEF64-23A8-4D07-95FA-60C312E9C4C6}.Release|Any CPU.ActiveCfg = Release|Any CPU
		{4D1CEF64-23A8-4D07-95FA-60C312E9C4C6}.Release|Any CPU.Build.0 = Release|Any CPU
	EndGlobalSection
	GlobalSection(SolutionProperties) = preSolution
		HideSolutionNode = FALSE
	EndGlobalSection
	GlobalSection(NestedProjects) = preSolution
		{21ABA000-E5F9-4645-821F-B8C3620B4892} = {3F140DCA-0DD1-46D9-98EF-AB891B8B51E7}
		{D7283778-F5DF-43A0-BADF-8D0DA62C8665} = {3F140DCA-0DD1-46D9-98EF-AB891B8B51E7}
		{3F31BA74-2721-4162-8E70-40E433D0B9DA} = {BC8753AD-F58C-4A92-A3EC-2E8410FFFB37}
		{046CA0EF-578A-4ADE-8524-1133EBB732B6} = {BC8753AD-F58C-4A92-A3EC-2E8410FFFB37}
		{1DCD118B-F197-42D7-86AD-38AE6239EA4E} = {BC8753AD-F58C-4A92-A3EC-2E8410FFFB37}
		{7557DC42-99B1-4FEF-BDEA-368DBFE660EC} = {BC8753AD-F58C-4A92-A3EC-2E8410FFFB37}
		{23EA129D-A0CF-446A-ADE6-A29DBA5E2DF2} = {BC8753AD-F58C-4A92-A3EC-2E8410FFFB37}
		{212340A0-A811-4FAD-AB1E-15425C312129} = {BC8753AD-F58C-4A92-A3EC-2E8410FFFB37}
		{27CB5839-CF16-4C27-8883-EF15BB0CF460} = {F6D021DB-B9C6-483A-AD1F-78015098A40D}
		{1C5862D7-860B-4F96-966C-58662E42AE86} = {F6D021DB-B9C6-483A-AD1F-78015098A40D}
		{EEEB9834-F9D4-4FBC-8B2A-FDBD7CBB9731} = {F6D021DB-B9C6-483A-AD1F-78015098A40D}
		{68A5BE6D-9175-4015-8C90-6F26FA502852} = {F6D021DB-B9C6-483A-AD1F-78015098A40D}
		{864AC572-AB16-4970-BE15-217DE9583232} = {F6D021DB-B9C6-483A-AD1F-78015098A40D}
		{71C516B5-9AED-4458-84EC-B24DB7BBBE84} = {F6D021DB-B9C6-483A-AD1F-78015098A40D}
		{AAE8318C-1860-469B-A833-BF4534276D04} = {98A44AB9-CE06-463A-89E0-5DAA2E618755}
		{04DB8D53-712F-4D3C-ACF6-28BF21D4D0F6} = {98A44AB9-CE06-463A-89E0-5DAA2E618755}
		{84A98440-670A-4CF0-A98A-FDF4CE843AE0} = {98A44AB9-CE06-463A-89E0-5DAA2E618755}
		{4D1CEF64-23A8-4D07-95FA-60C312E9C4C6} = {98A44AB9-CE06-463A-89E0-5DAA2E618755}
	EndGlobalSection
	GlobalSection(ExtensibilityGlobals) = postSolution
		SolutionGuid = {360E300B-45E4-4039-8A4F-EB5D1F3892CD}
	EndGlobalSection
EndGlobal
