
Microsoft Visual Studio Solution File, Format Version 12.00
# Visual Studio Version 16
VisualStudioVersion = 16.0.33423.256
MinimumVisualStudioVersion = 10.0.40219.1
Project("{2150E333-8FDC-42A3-9474-1A3956D46DE8}") = "Lesson_02", "Lesson_02", "{3F140DCA-0DD1-46D9-98EF-AB891B8B51E7}"
EndProject
Project("{2150E333-8FDC-42A3-9474-1A3956D46DE8}") = "Lesson_03", "Lesson_03", "{BC8753AD-F58C-4A92-A3EC-2E8410FFFB37}"
EndProject
Project("{FAE04EC0-301F-11D3-BF4B-00C04F79EFBC}") = "Task_03_05", "Task_03_05\Task_03_05.csproj", "{046CA0EF-578A-4ADE-8524-1133EBB732B6}"
EndProject
Project("{FAE04EC0-301F-11D3-BF4B-00C04F79EFBC}") = "Task_03_06", "Task_03_06\Task_03_06.csproj", "{1DCD118B-F197-42D7-86AD-38AE6239EA4E}"
EndProject
Project("{FAE04EC0-301F-11D3-BF4B-00C04F79EFBC}") = "Task_03_07", "Task_03_07\Task_03_07.csproj", "{7557DC42-99B1-4FEF-BDEA-368DBFE660EC}"
EndProject
Project("{FAE04EC0-301F-11D3-BF4B-00C04F79EFBC}") = "Task_03_08", "Task_03_08\Task_03_08.csproj", "{23EA129D-A0CF-446A-ADE6-A29DBA5E2DF2}"
EndProject
Project("{FAE04EC0-301F-11D3-BF4B-00C04F79EFBC}") = "Task_03_09", "Task_03_09\Task_03_09.csproj", "{212340A0-A811-4FAD-AB1E-15425C312129}"
EndProject
Project("{2150E333-8FDC-42A3-9474-1A3956D46DE8}") = "Lesson_04", "Lesson_04", "{F6D021DB-B9C6-483A-AD1F-78015098A40D}"
EndProject
Project("{FAE04EC0-301F-11D3-BF4B-00C04F79EFBC}") = "Task_04_05", "Task_04_05\Task_04_05.csproj", "{27CB5839-CF16-4C27-8883-EF15BB0CF460}"
EndProject
Project("{FAE04EC0-301F-11D3-BF4B-00C04F79EFBC}") = "Task_04_06", "Task_04_06\Task_04_06.csproj", "{1C5862D7-860B-4F96-966C-58662E42AE86}"
EndProject
Project("{FAE04EC0-301F-11D3-BF4B-00C04F79EFBC}") = "Task_04_07", "Task_04_07\Task_04_07.csproj", "{EEEB9834-F9D4-4FBC-8B2A-FDBD7CBB9731}"
EndProject
Project("{FAE04EC0-301F-11D3-BF4B-00C04F79EFBC}") = "Task_04_08", "Task_04_08\Task_04_08.csproj", "{68A5BE6D-9175-4015-8C90-6F26FA502852}"
EndProject
Project("{FAE04EC0-301F-11D3-BF4B-00C04F79EFBC}") = "Task_04_09", "Task_04_09\Task_04_09.csproj", "{864AC572-AB16-4970-BE15-217DE9583232}"
EndProject
Project("{FAE04EC0-301F-11D3-BF4B-00C04F79EFBC}") = "Task_04_10", "Task_04_10\Task_04_10.csproj", "{71C516B5-9AED-4458-84EC-B24DB7BBBE84}"
EndProject
Project("{2150E333-8FDC-42A3-9474-1A3956D46DE8}") = "Lesson_05", "Lesson_05", "{98A44AB9-CE06-463A-89E0-5DAA2E618755}"
EndProject
Project("{FAE04EC0-301F-11D3-BF4B-00C04F79EFBC}") = "Task_05_03", "Task_05_03\Task_05_03.csproj", "{AAE8318C-1860-469B-A833-BF4534276D04}"
EndProject
Project("{FAE04EC0-301F-11D3-BF4B-00C04F79EFBC}") = "Task_05_04", "Task_05_04\Task_05_04.csproj", "{04DB8D53-712F-4D3C-ACF6-28BF21D4D0F6}"
EndProject
Project("{FAE04EC0-301F-11D3-BF4B-00C04F79EFBC}") = "Task_05_05", "Task_05_05\Task_05_05.csproj", "{84A98440-670A-4CF0-A98A-FDF4CE843AE0}"
EndProject
Project("{FAE04EC0-301F-11D3-BF4B-00C04F79EFBC}") = "Task_05_06", "Task_05_06\Task_05_06.csproj", "{4D1CEF64-23A8-4D07-95FA-60C312E9C4C6}"
EndProject
Project("{FAE04EC0-301F-11D3-BF4B-00C04F79EFBC}") = "Task_02_02", "Task_02_02\Task_02_02.csproj", "{21ABA000-E5F9-4645-821F-B8C3620B4892}"
EndProject
Project("{FAE04EC0-301F-11D3-BF4B-00C04F79EFBC}") = "Task_02_04", "Task_02_04\Task_02_04.csproj", "{D7283778-F5DF-43A0-BADF-8D0DA62C8665}"
EndProject
Project("{FAE04EC0-301F-11D3-BF4B-00C04F79EFBC}") = "Task_03_04", "Task_03_04\Task_03_04.csproj", "{3F31BA74-2721-4162-8E70-40E433D0B9DA}"
EndProject
Project("{FAE04EC0-301F-11D3-BF4B-00C04F79EFBC}") = "Task_05_08", "Task_05_08\Task_05_08.csproj", "{5E555CE4-6D12-4C35-98A2-D933EF998445}"
EndProject
Project("{FAE04EC0-301F-11D3-BF4B-00C04F79EFBC}") = "Task_05_07", "Task_05_07\Task_05_07.csproj", "{26F2B3B6-AE78-4777-A39E-5EFE78B214D9}"
EndProject
Project("{FAE04EC0-301F-11D3-BF4B-00C04F79EFBC}") = "Task_05_09", "Task_05_09\Task_05_09.csproj", "{1DE67B90-E8E3-4109-BF5A-F502E9B764E5}"
EndProject
Project("{2150E333-8FDC-42A3-9474-1A3956D46DE8}") = "Lesson_10", "Lesson_10", "{95E22E37-35D9-40E6-B849-2CC8E6076D53}"
EndProject
Project("{FAE04EC0-301F-11D3-BF4B-00C04F79EFBC}") = "Task_10_06", "Task_10_06\Task_10_06.csproj", "{7E13EA92-DE37-40AC-BFC7-8DC806A32F5E}"
EndProject
Project("{FAE04EC0-301F-11D3-BF4B-00C04F79EFBC}") = "Task_10_07", "Task_10_07\Task_10_07.csproj", "{01452E03-517F-47B6-9C7C-9270789A7E28}"
EndProject
Project("{FAE04EC0-301F-11D3-BF4B-00C04F79EFBC}") = "Task_10_08", "Task_10_08\Task_10_08.csproj", "{9DDE1D96-9B78-4B24-872D-7FC7409337CF}"
EndProject
Project("{2150E333-8FDC-42A3-9474-1A3956D46DE8}") = "Lesson_11", "Lesson_11", "{9D60E57F-04BB-4DDE-95E3-837A6BF930A4}"
EndProject
Project("{FAE04EC0-301F-11D3-BF4B-00C04F79EFBC}") = "Task_11_01", "Task_11_01\Task_11_01.csproj", "{47DF7E00-3883-488B-AF75-8AE703F2E8FE}"
EndProject
Project("{FAE04EC0-301F-11D3-BF4B-00C04F79EFBC}") = "Task_11_02", "Task_11_02\Task_11_02.csproj", "{16E33400-D34A-47B7-BCCB-2B8ED0FA8F6C}"
EndProject
Project("{FAE04EC0-301F-11D3-BF4B-00C04F79EFBC}") = "Task_11_03", "Task_11_03\Task_11_03.csproj", "{3BB3D6CA-6BCF-4025-B4DC-1E8D32F15F20}"
EndProject
Project("{FAE04EC0-301F-11D3-BF4B-00C04F79EFBC}") = "Task_11_04", "Task_11_04\Task_11_04.csproj", "{091151B9-5AB8-4D2D-AACB-9472F4BC3423}"
EndProject
Project("{FAE04EC0-301F-11D3-BF4B-00C04F79EFBC}") = "Task_11_05", "Task_11_05\Task_11_05.csproj", "{6BDCE774-810A-4643-B9E4-F4EC54662DF8}"
EndProject
Project("{FAE04EC0-301F-11D3-BF4B-00C04F79EFBC}") = "Task_11_06", "Task_11_06\Task_11_06.csproj", "{3FB82596-E99F-4E73-AD18-C1D81E39B24E}"
EndProject
Project("{FAE04EC0-301F-11D3-BF4B-00C04F79EFBC}") = "Task_11_07", "Task_11_07\Task_11_07.csproj", "{323B550D-8D59-4F92-A637-1A7DED52D193}"
EndProject
Project("{FAE04EC0-301F-11D3-BF4B-00C04F79EFBC}") = "Task_11_08", "Task_11_08\Task_11_08.csproj", "{AB6164D7-981A-41F6-869A-D07B4DD16763}"
EndProject
Project("{2150E333-8FDC-42A3-9474-1A3956D46DE8}") = "Lesson_12", "Lesson_12", "{2128DA30-D0AA-4C8F-BB81-80B9463C7C94}"
EndProject
Project("{FAE04EC0-301F-11D3-BF4B-00C04F79EFBC}") = "Task_12_02", "Task_12_02\Task_12_02.csproj", "{17102AED-3E4E-4138-AB86-42017270D753}"
EndProject
Project("{2150E333-8FDC-42A3-9474-1A3956D46DE8}") = "Lesson_13", "Lesson_13", "{562D8AE3-C78A-44CA-8F73-D1C5C7163ED5}"
EndProject
Project("{FAE04EC0-301F-11D3-BF4B-00C04F79EFBC}") = "Task_13_03", "Task_13_03\Task_13_03.csproj", "{CE0B68BC-7574-49DF-9460-CB8D41C1B323}"
EndProject
Project("{FAE04EC0-301F-11D3-BF4B-00C04F79EFBC}") = "Task_13_02", "Task_13_02\Task_13_02.csproj", "{2097DE63-ADBB-46C6-B2A1-8BFD616736E7}"
EndProject
Project("{2150E333-8FDC-42A3-9474-1A3956D46DE8}") = "Lesson_19", "Lesson_19", "{C1FC9BE1-C811-4E30-B17B-40DD3225F74C}"
EndProject
Project("{FAE04EC0-301F-11D3-BF4B-00C04F79EFBC}") = "Task_19_01", "Task_19_01\Task_19_01.csproj", "{99F2B375-1D0B-40B5-A4B1-A55DB198BD74}"
EndProject
Project("{FAE04EC0-301F-11D3-BF4B-00C04F79EFBC}") = "Task_19_02", "Task_19_02\Task_19_02.csproj", "{D6242229-6A0C-4EAC-8492-F19788FB221C}"
EndProject
Project("{FAE04EC0-301F-11D3-BF4B-00C04F79EFBC}") = "Task_19_03", "Task_19_03\Task_19_03.csproj", "{37A7668E-CBFA-4D7E-9D7B-4BE02415BFC7}"
EndProject
Project("{2150E333-8FDC-42A3-9474-1A3956D46DE8}") = "Lesson_20", "Lesson_20", "{84210BC4-8039-405C-8ED9-691F8B352981}"
EndProject
Project("{FAE04EC0-301F-11D3-BF4B-00C04F79EFBC}") = "Tast_20_04", "Tast_20_04\Tast_20_04.csproj", "{09966541-7F4A-49DD-A9D8-DA22DB201732}"
EndProject
Global
	GlobalSection(SolutionConfigurationPlatforms) = preSolution
		Debug|Any CPU = Debug|Any CPU
		Release|Any CPU = Release|Any CPU
	EndGlobalSection
	GlobalSection(ProjectConfigurationPlatforms) = postSolution
		{046CA0EF-578A-4ADE-8524-1133EBB732B6}.Debug|Any CPU.ActiveCfg = Debug|Any CPU
		{046CA0EF-578A-4ADE-8524-1133EBB732B6}.Debug|Any CPU.Build.0 = Debug|Any CPU
		{046CA0EF-578A-4ADE-8524-1133EBB732B6}.Release|Any CPU.ActiveCfg = Release|Any CPU
		{046CA0EF-578A-4ADE-8524-1133EBB732B6}.Release|Any CPU.Build.0 = Release|Any CPU
		{1DCD118B-F197-42D7-86AD-38AE6239EA4E}.Debug|Any CPU.ActiveCfg = Debug|Any CPU
		{1DCD118B-F197-42D7-86AD-38AE6239EA4E}.Debug|Any CPU.Build.0 = Debug|Any CPU
		{1DCD118B-F197-42D7-86AD-38AE6239EA4E}.Release|Any CPU.ActiveCfg = Release|Any CPU
		{1DCD118B-F197-42D7-86AD-38AE6239EA4E}.Release|Any CPU.Build.0 = Release|Any CPU
		{7557DC42-99B1-4FEF-BDEA-368DBFE660EC}.Debug|Any CPU.ActiveCfg = Debug|Any CPU
		{7557DC42-99B1-4FEF-BDEA-368DBFE660EC}.Debug|Any CPU.Build.0 = Debug|Any CPU
		{7557DC42-99B1-4FEF-BDEA-368DBFE660EC}.Release|Any CPU.ActiveCfg = Release|Any CPU
		{7557DC42-99B1-4FEF-BDEA-368DBFE660EC}.Release|Any CPU.Build.0 = Release|Any CPU
		{23EA129D-A0CF-446A-ADE6-A29DBA5E2DF2}.Debug|Any CPU.ActiveCfg = Debug|Any CPU
		{23EA129D-A0CF-446A-ADE6-A29DBA5E2DF2}.Debug|Any CPU.Build.0 = Debug|Any CPU
		{23EA129D-A0CF-446A-ADE6-A29DBA5E2DF2}.Release|Any CPU.ActiveCfg = Release|Any CPU
		{23EA129D-A0CF-446A-ADE6-A29DBA5E2DF2}.Release|Any CPU.Build.0 = Release|Any CPU
		{212340A0-A811-4FAD-AB1E-15425C312129}.Debug|Any CPU.ActiveCfg = Debug|Any CPU
		{212340A0-A811-4FAD-AB1E-15425C312129}.Debug|Any CPU.Build.0 = Debug|Any CPU
		{212340A0-A811-4FAD-AB1E-15425C312129}.Release|Any CPU.ActiveCfg = Release|Any CPU
		{212340A0-A811-4FAD-AB1E-15425C312129}.Release|Any CPU.Build.0 = Release|Any CPU
		{27CB5839-CF16-4C27-8883-EF15BB0CF460}.Debug|Any CPU.ActiveCfg = Debug|Any CPU
		{27CB5839-CF16-4C27-8883-EF15BB0CF460}.Debug|Any CPU.Build.0 = Debug|Any CPU
		{27CB5839-CF16-4C27-8883-EF15BB0CF460}.Release|Any CPU.ActiveCfg = Release|Any CPU
		{27CB5839-CF16-4C27-8883-EF15BB0CF460}.Release|Any CPU.Build.0 = Release|Any CPU
		{1C5862D7-860B-4F96-966C-58662E42AE86}.Debug|Any CPU.ActiveCfg = Debug|Any CPU
		{1C5862D7-860B-4F96-966C-58662E42AE86}.Debug|Any CPU.Build.0 = Debug|Any CPU
		{1C5862D7-860B-4F96-966C-58662E42AE86}.Release|Any CPU.ActiveCfg = Release|Any CPU
		{1C5862D7-860B-4F96-966C-58662E42AE86}.Release|Any CPU.Build.0 = Release|Any CPU
		{EEEB9834-F9D4-4FBC-8B2A-FDBD7CBB9731}.Debug|Any CPU.ActiveCfg = Debug|Any CPU
		{EEEB9834-F9D4-4FBC-8B2A-FDBD7CBB9731}.Debug|Any CPU.Build.0 = Debug|Any CPU
		{EEEB9834-F9D4-4FBC-8B2A-FDBD7CBB9731}.Release|Any CPU.ActiveCfg = Release|Any CPU
		{EEEB9834-F9D4-4FBC-8B2A-FDBD7CBB9731}.Release|Any CPU.Build.0 = Release|Any CPU
		{68A5BE6D-9175-4015-8C90-6F26FA502852}.Debug|Any CPU.ActiveCfg = Debug|Any CPU
		{68A5BE6D-9175-4015-8C90-6F26FA502852}.Debug|Any CPU.Build.0 = Debug|Any CPU
		{68A5BE6D-9175-4015-8C90-6F26FA502852}.Release|Any CPU.ActiveCfg = Release|Any CPU
		{68A5BE6D-9175-4015-8C90-6F26FA502852}.Release|Any CPU.Build.0 = Release|Any CPU
		{864AC572-AB16-4970-BE15-217DE9583232}.Debug|Any CPU.ActiveCfg = Debug|Any CPU
		{864AC572-AB16-4970-BE15-217DE9583232}.Debug|Any CPU.Build.0 = Debug|Any CPU
		{864AC572-AB16-4970-BE15-217DE9583232}.Release|Any CPU.ActiveCfg = Release|Any CPU
		{864AC572-AB16-4970-BE15-217DE9583232}.Release|Any CPU.Build.0 = Release|Any CPU
		{71C516B5-9AED-4458-84EC-B24DB7BBBE84}.Debug|Any CPU.ActiveCfg = Debug|Any CPU
		{71C516B5-9AED-4458-84EC-B24DB7BBBE84}.Debug|Any CPU.Build.0 = Debug|Any CPU
		{71C516B5-9AED-4458-84EC-B24DB7BBBE84}.Release|Any CPU.ActiveCfg = Release|Any CPU
		{71C516B5-9AED-4458-84EC-B24DB7BBBE84}.Release|Any CPU.Build.0 = Release|Any CPU
		{AAE8318C-1860-469B-A833-BF4534276D04}.Debug|Any CPU.ActiveCfg = Debug|Any CPU
		{AAE8318C-1860-469B-A833-BF4534276D04}.Debug|Any CPU.Build.0 = Debug|Any CPU
		{AAE8318C-1860-469B-A833-BF4534276D04}.Release|Any CPU.ActiveCfg = Release|Any CPU
		{AAE8318C-1860-469B-A833-BF4534276D04}.Release|Any CPU.Build.0 = Release|Any CPU
		{04DB8D53-712F-4D3C-ACF6-28BF21D4D0F6}.Debug|Any CPU.ActiveCfg = Debug|Any CPU
		{04DB8D53-712F-4D3C-ACF6-28BF21D4D0F6}.Debug|Any CPU.Build.0 = Debug|Any CPU
		{04DB8D53-712F-4D3C-ACF6-28BF21D4D0F6}.Release|Any CPU.ActiveCfg = Release|Any CPU
		{04DB8D53-712F-4D3C-ACF6-28BF21D4D0F6}.Release|Any CPU.Build.0 = Release|Any CPU
		{84A98440-670A-4CF0-A98A-FDF4CE843AE0}.Debug|Any CPU.ActiveCfg = Debug|Any CPU
		{84A98440-670A-4CF0-A98A-FDF4CE843AE0}.Debug|Any CPU.Build.0 = Debug|Any CPU
		{84A98440-670A-4CF0-A98A-FDF4CE843AE0}.Release|Any CPU.ActiveCfg = Release|Any CPU
		{84A98440-670A-4CF0-A98A-FDF4CE843AE0}.Release|Any CPU.Build.0 = Release|Any CPU
		{4D1CEF64-23A8-4D07-95FA-60C312E9C4C6}.Debug|Any CPU.ActiveCfg = Debug|Any CPU
		{4D1CEF64-23A8-4D07-95FA-60C312E9C4C6}.Debug|Any CPU.Build.0 = Debug|Any CPU
		{4D1CEF64-23A8-4D07-95FA-60C312E9C4C6}.Release|Any CPU.ActiveCfg = Release|Any CPU
		{4D1CEF64-23A8-4D07-95FA-60C312E9C4C6}.Release|Any CPU.Build.0 = Release|Any CPU
		{21ABA000-E5F9-4645-821F-B8C3620B4892}.Debug|Any CPU.ActiveCfg = Debug|Any CPU
		{21ABA000-E5F9-4645-821F-B8C3620B4892}.Debug|Any CPU.Build.0 = Debug|Any CPU
		{21ABA000-E5F9-4645-821F-B8C3620B4892}.Release|Any CPU.ActiveCfg = Release|Any CPU
		{21ABA000-E5F9-4645-821F-B8C3620B4892}.Release|Any CPU.Build.0 = Release|Any CPU
		{D7283778-F5DF-43A0-BADF-8D0DA62C8665}.Debug|Any CPU.ActiveCfg = Debug|Any CPU
		{D7283778-F5DF-43A0-BADF-8D0DA62C8665}.Debug|Any CPU.Build.0 = Debug|Any CPU
		{D7283778-F5DF-43A0-BADF-8D0DA62C8665}.Release|Any CPU.ActiveCfg = Release|Any CPU
		{D7283778-F5DF-43A0-BADF-8D0DA62C8665}.Release|Any CPU.Build.0 = Release|Any CPU
		{3F31BA74-2721-4162-8E70-40E433D0B9DA}.Debug|Any CPU.ActiveCfg = Debug|Any CPU
		{3F31BA74-2721-4162-8E70-40E433D0B9DA}.Debug|Any CPU.Build.0 = Debug|Any CPU
		{3F31BA74-2721-4162-8E70-40E433D0B9DA}.Release|Any CPU.ActiveCfg = Release|Any CPU
		{3F31BA74-2721-4162-8E70-40E433D0B9DA}.Release|Any CPU.Build.0 = Release|Any CPU
		{5E555CE4-6D12-4C35-98A2-D933EF998445}.Debug|Any CPU.ActiveCfg = Debug|Any CPU
		{5E555CE4-6D12-4C35-98A2-D933EF998445}.Debug|Any CPU.Build.0 = Debug|Any CPU
		{5E555CE4-6D12-4C35-98A2-D933EF998445}.Release|Any CPU.ActiveCfg = Release|Any CPU
		{5E555CE4-6D12-4C35-98A2-D933EF998445}.Release|Any CPU.Build.0 = Release|Any CPU
		{26F2B3B6-AE78-4777-A39E-5EFE78B214D9}.Debug|Any CPU.ActiveCfg = Debug|Any CPU
		{26F2B3B6-AE78-4777-A39E-5EFE78B214D9}.Debug|Any CPU.Build.0 = Debug|Any CPU
		{26F2B3B6-AE78-4777-A39E-5EFE78B214D9}.Release|Any CPU.ActiveCfg = Release|Any CPU
		{26F2B3B6-AE78-4777-A39E-5EFE78B214D9}.Release|Any CPU.Build.0 = Release|Any CPU
		{1DE67B90-E8E3-4109-BF5A-F502E9B764E5}.Debug|Any CPU.ActiveCfg = Debug|Any CPU
		{1DE67B90-E8E3-4109-BF5A-F502E9B764E5}.Debug|Any CPU.Build.0 = Debug|Any CPU
		{1DE67B90-E8E3-4109-BF5A-F502E9B764E5}.Release|Any CPU.ActiveCfg = Release|Any CPU
		{1DE67B90-E8E3-4109-BF5A-F502E9B764E5}.Release|Any CPU.Build.0 = Release|Any CPU
		{7E13EA92-DE37-40AC-BFC7-8DC806A32F5E}.Debug|Any CPU.ActiveCfg = Debug|Any CPU
		{7E13EA92-DE37-40AC-BFC7-8DC806A32F5E}.Debug|Any CPU.Build.0 = Debug|Any CPU
		{7E13EA92-DE37-40AC-BFC7-8DC806A32F5E}.Release|Any CPU.ActiveCfg = Release|Any CPU
		{7E13EA92-DE37-40AC-BFC7-8DC806A32F5E}.Release|Any CPU.Build.0 = Release|Any CPU
		{01452E03-517F-47B6-9C7C-9270789A7E28}.Debug|Any CPU.ActiveCfg = Debug|Any CPU
		{01452E03-517F-47B6-9C7C-9270789A7E28}.Debug|Any CPU.Build.0 = Debug|Any CPU
		{01452E03-517F-47B6-9C7C-9270789A7E28}.Release|Any CPU.ActiveCfg = Release|Any CPU
		{01452E03-517F-47B6-9C7C-9270789A7E28}.Release|Any CPU.Build.0 = Release|Any CPU
		{9DDE1D96-9B78-4B24-872D-7FC7409337CF}.Debug|Any CPU.ActiveCfg = Debug|Any CPU
		{9DDE1D96-9B78-4B24-872D-7FC7409337CF}.Debug|Any CPU.Build.0 = Debug|Any CPU
		{9DDE1D96-9B78-4B24-872D-7FC7409337CF}.Release|Any CPU.ActiveCfg = Release|Any CPU
		{9DDE1D96-9B78-4B24-872D-7FC7409337CF}.Release|Any CPU.Build.0 = Release|Any CPU
		{47DF7E00-3883-488B-AF75-8AE703F2E8FE}.Debug|Any CPU.ActiveCfg = Debug|Any CPU
		{47DF7E00-3883-488B-AF75-8AE703F2E8FE}.Debug|Any CPU.Build.0 = Debug|Any CPU
		{47DF7E00-3883-488B-AF75-8AE703F2E8FE}.Release|Any CPU.ActiveCfg = Release|Any CPU
		{47DF7E00-3883-488B-AF75-8AE703F2E8FE}.Release|Any CPU.Build.0 = Release|Any CPU
		{16E33400-D34A-47B7-BCCB-2B8ED0FA8F6C}.Debug|Any CPU.ActiveCfg = Debug|Any CPU
		{16E33400-D34A-47B7-BCCB-2B8ED0FA8F6C}.Debug|Any CPU.Build.0 = Debug|Any CPU
		{16E33400-D34A-47B7-BCCB-2B8ED0FA8F6C}.Release|Any CPU.ActiveCfg = Release|Any CPU
		{16E33400-D34A-47B7-BCCB-2B8ED0FA8F6C}.Release|Any CPU.Build.0 = Release|Any CPU
		{3BB3D6CA-6BCF-4025-B4DC-1E8D32F15F20}.Debug|Any CPU.ActiveCfg = Debug|Any CPU
		{3BB3D6CA-6BCF-4025-B4DC-1E8D32F15F20}.Debug|Any CPU.Build.0 = Debug|Any CPU
		{3BB3D6CA-6BCF-4025-B4DC-1E8D32F15F20}.Release|Any CPU.ActiveCfg = Release|Any CPU
		{3BB3D6CA-6BCF-4025-B4DC-1E8D32F15F20}.Release|Any CPU.Build.0 = Release|Any CPU
		{091151B9-5AB8-4D2D-AACB-9472F4BC3423}.Debug|Any CPU.ActiveCfg = Debug|Any CPU
		{091151B9-5AB8-4D2D-AACB-9472F4BC3423}.Debug|Any CPU.Build.0 = Debug|Any CPU
		{091151B9-5AB8-4D2D-AACB-9472F4BC3423}.Release|Any CPU.ActiveCfg = Release|Any CPU
		{091151B9-5AB8-4D2D-AACB-9472F4BC3423}.Release|Any CPU.Build.0 = Release|Any CPU
		{6BDCE774-810A-4643-B9E4-F4EC54662DF8}.Debug|Any CPU.ActiveCfg = Debug|Any CPU
		{6BDCE774-810A-4643-B9E4-F4EC54662DF8}.Debug|Any CPU.Build.0 = Debug|Any CPU
		{6BDCE774-810A-4643-B9E4-F4EC54662DF8}.Release|Any CPU.ActiveCfg = Release|Any CPU
		{6BDCE774-810A-4643-B9E4-F4EC54662DF8}.Release|Any CPU.Build.0 = Release|Any CPU
		{3FB82596-E99F-4E73-AD18-C1D81E39B24E}.Debug|Any CPU.ActiveCfg = Debug|Any CPU
		{3FB82596-E99F-4E73-AD18-C1D81E39B24E}.Debug|Any CPU.Build.0 = Debug|Any CPU
		{3FB82596-E99F-4E73-AD18-C1D81E39B24E}.Release|Any CPU.ActiveCfg = Release|Any CPU
		{3FB82596-E99F-4E73-AD18-C1D81E39B24E}.Release|Any CPU.Build.0 = Release|Any CPU
		{323B550D-8D59-4F92-A637-1A7DED52D193}.Debug|Any CPU.ActiveCfg = Debug|Any CPU
		{323B550D-8D59-4F92-A637-1A7DED52D193}.Debug|Any CPU.Build.0 = Debug|Any CPU
		{323B550D-8D59-4F92-A637-1A7DED52D193}.Release|Any CPU.ActiveCfg = Release|Any CPU
		{323B550D-8D59-4F92-A637-1A7DED52D193}.Release|Any CPU.Build.0 = Release|Any CPU
		{AB6164D7-981A-41F6-869A-D07B4DD16763}.Debug|Any CPU.ActiveCfg = Debug|Any CPU
		{AB6164D7-981A-41F6-869A-D07B4DD16763}.Debug|Any CPU.Build.0 = Debug|Any CPU
		{AB6164D7-981A-41F6-869A-D07B4DD16763}.Release|Any CPU.ActiveCfg = Release|Any CPU
		{AB6164D7-981A-41F6-869A-D07B4DD16763}.Release|Any CPU.Build.0 = Release|Any CPU
		{17102AED-3E4E-4138-AB86-42017270D753}.Debug|Any CPU.ActiveCfg = Debug|Any CPU
		{17102AED-3E4E-4138-AB86-42017270D753}.Debug|Any CPU.Build.0 = Debug|Any CPU
		{17102AED-3E4E-4138-AB86-42017270D753}.Release|Any CPU.ActiveCfg = Release|Any CPU
		{17102AED-3E4E-4138-AB86-42017270D753}.Release|Any CPU.Build.0 = Release|Any CPU
		{CE0B68BC-7574-49DF-9460-CB8D41C1B323}.Debug|Any CPU.ActiveCfg = Debug|Any CPU
		{CE0B68BC-7574-49DF-9460-CB8D41C1B323}.Debug|Any CPU.Build.0 = Debug|Any CPU
		{CE0B68BC-7574-49DF-9460-CB8D41C1B323}.Release|Any CPU.ActiveCfg = Release|Any CPU
		{CE0B68BC-7574-49DF-9460-CB8D41C1B323}.Release|Any CPU.Build.0 = Release|Any CPU
		{2097DE63-ADBB-46C6-B2A1-8BFD616736E7}.Debug|Any CPU.ActiveCfg = Debug|Any CPU
		{2097DE63-ADBB-46C6-B2A1-8BFD616736E7}.Debug|Any CPU.Build.0 = Debug|Any CPU
		{2097DE63-ADBB-46C6-B2A1-8BFD616736E7}.Release|Any CPU.ActiveCfg = Release|Any CPU
		{2097DE63-ADBB-46C6-B2A1-8BFD616736E7}.Release|Any CPU.Build.0 = Release|Any CPU
		{99F2B375-1D0B-40B5-A4B1-A55DB198BD74}.Debug|Any CPU.ActiveCfg = Debug|Any CPU
		{99F2B375-1D0B-40B5-A4B1-A55DB198BD74}.Debug|Any CPU.Build.0 = Debug|Any CPU
		{99F2B375-1D0B-40B5-A4B1-A55DB198BD74}.Release|Any CPU.ActiveCfg = Release|Any CPU
		{99F2B375-1D0B-40B5-A4B1-A55DB198BD74}.Release|Any CPU.Build.0 = Release|Any CPU
		{D6242229-6A0C-4EAC-8492-F19788FB221C}.Debug|Any CPU.ActiveCfg = Debug|Any CPU
		{D6242229-6A0C-4EAC-8492-F19788FB221C}.Debug|Any CPU.Build.0 = Debug|Any CPU
		{D6242229-6A0C-4EAC-8492-F19788FB221C}.Release|Any CPU.ActiveCfg = Release|Any CPU
		{D6242229-6A0C-4EAC-8492-F19788FB221C}.Release|Any CPU.Build.0 = Release|Any CPU
		{37A7668E-CBFA-4D7E-9D7B-4BE02415BFC7}.Debug|Any CPU.ActiveCfg = Debug|Any CPU
		{37A7668E-CBFA-4D7E-9D7B-4BE02415BFC7}.Debug|Any CPU.Build.0 = Debug|Any CPU
		{37A7668E-CBFA-4D7E-9D7B-4BE02415BFC7}.Release|Any CPU.ActiveCfg = Release|Any CPU
		{37A7668E-CBFA-4D7E-9D7B-4BE02415BFC7}.Release|Any CPU.Build.0 = Release|Any CPU
		{09966541-7F4A-49DD-A9D8-DA22DB201732}.Debug|Any CPU.ActiveCfg = Debug|Any CPU
		{09966541-7F4A-49DD-A9D8-DA22DB201732}.Debug|Any CPU.Build.0 = Debug|Any CPU
		{09966541-7F4A-49DD-A9D8-DA22DB201732}.Release|Any CPU.ActiveCfg = Release|Any CPU
		{09966541-7F4A-49DD-A9D8-DA22DB201732}.Release|Any CPU.Build.0 = Release|Any CPU
	EndGlobalSection
	GlobalSection(SolutionProperties) = preSolution
		HideSolutionNode = FALSE
	EndGlobalSection
	GlobalSection(NestedProjects) = preSolution
		{046CA0EF-578A-4ADE-8524-1133EBB732B6} = {BC8753AD-F58C-4A92-A3EC-2E8410FFFB37}
		{1DCD118B-F197-42D7-86AD-38AE6239EA4E} = {BC8753AD-F58C-4A92-A3EC-2E8410FFFB37}
		{7557DC42-99B1-4FEF-BDEA-368DBFE660EC} = {BC8753AD-F58C-4A92-A3EC-2E8410FFFB37}
		{23EA129D-A0CF-446A-ADE6-A29DBA5E2DF2} = {BC8753AD-F58C-4A92-A3EC-2E8410FFFB37}
		{212340A0-A811-4FAD-AB1E-15425C312129} = {BC8753AD-F58C-4A92-A3EC-2E8410FFFB37}
		{27CB5839-CF16-4C27-8883-EF15BB0CF460} = {F6D021DB-B9C6-483A-AD1F-78015098A40D}
		{1C5862D7-860B-4F96-966C-58662E42AE86} = {F6D021DB-B9C6-483A-AD1F-78015098A40D}
		{EEEB9834-F9D4-4FBC-8B2A-FDBD7CBB9731} = {F6D021DB-B9C6-483A-AD1F-78015098A40D}
		{68A5BE6D-9175-4015-8C90-6F26FA502852} = {F6D021DB-B9C6-483A-AD1F-78015098A40D}
		{864AC572-AB16-4970-BE15-217DE9583232} = {F6D021DB-B9C6-483A-AD1F-78015098A40D}
		{71C516B5-9AED-4458-84EC-B24DB7BBBE84} = {F6D021DB-B9C6-483A-AD1F-78015098A40D}
		{AAE8318C-1860-469B-A833-BF4534276D04} = {98A44AB9-CE06-463A-89E0-5DAA2E618755}
		{04DB8D53-712F-4D3C-ACF6-28BF21D4D0F6} = {98A44AB9-CE06-463A-89E0-5DAA2E618755}
		{84A98440-670A-4CF0-A98A-FDF4CE843AE0} = {98A44AB9-CE06-463A-89E0-5DAA2E618755}
		{4D1CEF64-23A8-4D07-95FA-60C312E9C4C6} = {98A44AB9-CE06-463A-89E0-5DAA2E618755}
		{21ABA000-E5F9-4645-821F-B8C3620B4892} = {3F140DCA-0DD1-46D9-98EF-AB891B8B51E7}
		{D7283778-F5DF-43A0-BADF-8D0DA62C8665} = {3F140DCA-0DD1-46D9-98EF-AB891B8B51E7}
		{3F31BA74-2721-4162-8E70-40E433D0B9DA} = {BC8753AD-F58C-4A92-A3EC-2E8410FFFB37}
		{5E555CE4-6D12-4C35-98A2-D933EF998445} = {98A44AB9-CE06-463A-89E0-5DAA2E618755}
		{26F2B3B6-AE78-4777-A39E-5EFE78B214D9} = {98A44AB9-CE06-463A-89E0-5DAA2E618755}
		{1DE67B90-E8E3-4109-BF5A-F502E9B764E5} = {98A44AB9-CE06-463A-89E0-5DAA2E618755}
		{7E13EA92-DE37-40AC-BFC7-8DC806A32F5E} = {95E22E37-35D9-40E6-B849-2CC8E6076D53}
		{01452E03-517F-47B6-9C7C-9270789A7E28} = {95E22E37-35D9-40E6-B849-2CC8E6076D53}
		{9DDE1D96-9B78-4B24-872D-7FC7409337CF} = {95E22E37-35D9-40E6-B849-2CC8E6076D53}
		{47DF7E00-3883-488B-AF75-8AE703F2E8FE} = {9D60E57F-04BB-4DDE-95E3-837A6BF930A4}
		{16E33400-D34A-47B7-BCCB-2B8ED0FA8F6C} = {9D60E57F-04BB-4DDE-95E3-837A6BF930A4}
		{3BB3D6CA-6BCF-4025-B4DC-1E8D32F15F20} = {9D60E57F-04BB-4DDE-95E3-837A6BF930A4}
		{091151B9-5AB8-4D2D-AACB-9472F4BC3423} = {9D60E57F-04BB-4DDE-95E3-837A6BF930A4}
		{6BDCE774-810A-4643-B9E4-F4EC54662DF8} = {9D60E57F-04BB-4DDE-95E3-837A6BF930A4}
		{3FB82596-E99F-4E73-AD18-C1D81E39B24E} = {9D60E57F-04BB-4DDE-95E3-837A6BF930A4}
		{323B550D-8D59-4F92-A637-1A7DED52D193} = {9D60E57F-04BB-4DDE-95E3-837A6BF930A4}
		{AB6164D7-981A-41F6-869A-D07B4DD16763} = {9D60E57F-04BB-4DDE-95E3-837A6BF930A4}
		{17102AED-3E4E-4138-AB86-42017270D753} = {2128DA30-D0AA-4C8F-BB81-80B9463C7C94}
		{CE0B68BC-7574-49DF-9460-CB8D41C1B323} = {562D8AE3-C78A-44CA-8F73-D1C5C7163ED5}
		{2097DE63-ADBB-46C6-B2A1-8BFD616736E7} = {562D8AE3-C78A-44CA-8F73-D1C5C7163ED5}
		{99F2B375-1D0B-40B5-A4B1-A55DB198BD74} = {C1FC9BE1-C811-4E30-B17B-40DD3225F74C}
		{D6242229-6A0C-4EAC-8492-F19788FB221C} = {C1FC9BE1-C811-4E30-B17B-40DD3225F74C}
		{37A7668E-CBFA-4D7E-9D7B-4BE02415BFC7} = {C1FC9BE1-C811-4E30-B17B-40DD3225F74C}
		{09966541-7F4A-49DD-A9D8-DA22DB201732} = {84210BC4-8039-405C-8ED9-691F8B352981}
	EndGlobalSection
	GlobalSection(ExtensibilityGlobals) = postSolution
		SolutionGuid = {360E300B-45E4-4039-8A4F-EB5D1F3892CD}
	EndGlobalSection
EndGlobal
